
Microsoft Visual Studio Solution File, Format Version 12.00
# Visual Studio Version 17
VisualStudioVersion = 17.9.34622.214
MinimumVisualStudioVersion = 10.0.40219.1
Project("{FAE04EC0-301F-11D3-BF4B-00C04F79EFBC}") = "C# PROJE BAŞLANGIÇ", "C# PROJE BAŞLANGIÇ.csproj", "{289E5734-648E-4257-8303-1F3DB09527CF}"
EndProject
Global
	GlobalSection(SolutionConfigurationPlatforms) = preSolution
		Debug|Any CPU = Debug|Any CPU
		Release|Any CPU = Release|Any CPU
	EndGlobalSection
	GlobalSection(ProjectConfigurationPlatforms) = postSolution
		{289E5734-648E-4257-8303-1F3DB09527CF}.Debug|Any CPU.ActiveCfg = Debug|Any CPU
		{289E5734-648E-4257-8303-1F3DB09527CF}.Debug|Any CPU.Build.0 = Debug|Any CPU
		{289E5734-648E-4257-8303-1F3DB09527CF}.Release|Any CPU.ActiveCfg = Release|Any CPU
		{289E5734-648E-4257-8303-1F3DB09527CF}.Release|Any CPU.Build.0 = Release|Any CPU
	EndGlobalSection
	GlobalSection(SolutionProperties) = preSolution
		HideSolutionNode = FALSE
	EndGlobalSection
	GlobalSection(ExtensibilityGlobals) = postSolution
		SolutionGuid = {F2126DCF-4AED-42F2-A5E7-A938ECF95A0F}
	EndGlobalSection
EndGlobal
